
Microsoft Visual Studio Solution File, Format Version 12.00
# Visual Studio Version 16
VisualStudioVersion = 16.0.30717.126
MinimumVisualStudioVersion = 10.0.40219.1
Project("{9A19103F-16F7-4668-BE54-9A1E7A4F7556}") = "GradeBook.Tests", "GradeBook.Tests.csproj", "{C0DDA6B8-495D-4B78-A78F-7314D4C0051C}"
EndProject
Global
	GlobalSection(SolutionConfigurationPlatforms) = preSolution
		Debug|Any CPU = Debug|Any CPU
		Release|Any CPU = Release|Any CPU
	EndGlobalSection
	GlobalSection(ProjectConfigurationPlatforms) = postSolution
		{C0DDA6B8-495D-4B78-A78F-7314D4C0051C}.Debug|Any CPU.ActiveCfg = Debug|Any CPU
		{C0DDA6B8-495D-4B78-A78F-7314D4C0051C}.Debug|Any CPU.Build.0 = Debug|Any CPU
		{C0DDA6B8-495D-4B78-A78F-7314D4C0051C}.Release|Any CPU.ActiveCfg = Release|Any CPU
		{C0DDA6B8-495D-4B78-A78F-7314D4C0051C}.Release|Any CPU.Build.0 = Release|Any CPU
	EndGlobalSection
	GlobalSection(SolutionProperties) = preSolution
		HideSolutionNode = FALSE
	EndGlobalSection
	GlobalSection(ExtensibilityGlobals) = postSolution
		SolutionGuid = {B0FECFBD-D7F0-4AB7-A7DA-6BE0F1F71651}
	EndGlobalSection
EndGlobal
